{
  "name": "maxpackage",
  "version": "1.0.0",
  "lockfileVersion": 1,
  "requires": true,
  "dependencies": {
    "hebrew-date": {
      "version": "1.0.5",
      "resolved": "https://registry.npmjs.org/hebrew-date/-/hebrew-date-1.0.5.tgz",
      "integrity": "sha512-7NFh2gRy9pIPctoyq+2CiCFmF9ESooN1UenBaddAHbzxatf7wnNsiQ5NI6dTbBafYrY3Eu/ljLzI3lhN0KFDlA=="
    }
  }
}
